
Microsoft Visual Studio Solution File, Format Version 12.00
# Visual Studio Version 16
VisualStudioVersion = 16.0.29926.136
MinimumVisualStudioVersion = 10.0.40219.1
Project("{9A19103F-16F7-4668-BE54-9A1E7A4F7556}") = "RockLib.Secrets", "RockLib.Secrets\RockLib.Secrets.csproj", "{6E303E27-044B-420D-AD41-D07959C9E32F}"
EndProject
Project("{9A19103F-16F7-4668-BE54-9A1E7A4F7556}") = "RockLib.Secrets.Aws", "RockLib.Secrets.Aws\RockLib.Secrets.Aws.csproj", "{C011E4CB-227F-4369-A6A4-E2880B73F0FA}"
EndProject
Project("{2150E333-8FDC-42A3-9474-1A3956D46DE8}") = "docs", "docs", "{E49937C6-C91E-4FA8-97EA-567D6E9571F8}"
	ProjectSection(SolutionItems) = preProject
		docs\AwsSecret.md = docs\AwsSecret.md
		docs\Configuration.md = docs\Configuration.md
		docs\ConfigurationBuilder.md = docs\ConfigurationBuilder.md
		docs\GettingStarted.md = docs\GettingStarted.md
		README.md = README.md
		docs\Usage.md = docs\Usage.md
	EndProjectSection
EndProject
Project("{2150E333-8FDC-42A3-9474-1A3956D46DE8}") = "Tests", "Tests", "{6B7B23BA-A05D-4030-AEF7-6DF4467CAAB8}"
EndProject
Project("{2150E333-8FDC-42A3-9474-1A3956D46DE8}") = "Examples", "Examples", "{AF5ACD25-1ACA-417C-B08C-6240D79595F2}"
EndProject
Project("{9A19103F-16F7-4668-BE54-9A1E7A4F7556}") = "Example.Secrets.Aws.AspNetCore", "Examples\Example.Secrets.Aws.AspNetCore\Example.Secrets.Aws.AspNetCore.csproj", "{6159D1AD-791A-4835-8D6B-4A35CB147280}"
EndProject
Project("{9A19103F-16F7-4668-BE54-9A1E7A4F7556}") = "Example.Secrets.Custom", "Examples\Example.Secrets.Custom\Example.Secrets.Custom.csproj", "{BC010E7A-712E-40E1-95AF-E13AB95FDEF9}"
EndProject
Project("{9A19103F-16F7-4668-BE54-9A1E7A4F7556}") = "RockLib.Secrets.Aws.Tests", "Tests\RockLib.Secrets.Aws.Tests\RockLib.Secrets.Aws.Tests.csproj", "{30887B96-1ABA-44BE-8A9B-842429E01B4B}"
EndProject
Project("{9A19103F-16F7-4668-BE54-9A1E7A4F7556}") = "RockLib.Secrets.Tests", "Tests\RockLib.Secrets.Tests\RockLib.Secrets.Tests.csproj", "{453034CF-0EEF-4244-9558-49686D0F605E}"
EndProject
Global
	GlobalSection(SolutionConfigurationPlatforms) = preSolution
		Debug|Any CPU = Debug|Any CPU
		Release|Any CPU = Release|Any CPU
	EndGlobalSection
	GlobalSection(ProjectConfigurationPlatforms) = postSolution
		{6E303E27-044B-420D-AD41-D07959C9E32F}.Debug|Any CPU.ActiveCfg = Debug|Any CPU
		{6E303E27-044B-420D-AD41-D07959C9E32F}.Debug|Any CPU.Build.0 = Debug|Any CPU
		{6E303E27-044B-420D-AD41-D07959C9E32F}.Release|Any CPU.ActiveCfg = Release|Any CPU
		{6E303E27-044B-420D-AD41-D07959C9E32F}.Release|Any CPU.Build.0 = Release|Any CPU
		{C011E4CB-227F-4369-A6A4-E2880B73F0FA}.Debug|Any CPU.ActiveCfg = Debug|Any CPU
		{C011E4CB-227F-4369-A6A4-E2880B73F0FA}.Debug|Any CPU.Build.0 = Debug|Any CPU
		{C011E4CB-227F-4369-A6A4-E2880B73F0FA}.Release|Any CPU.ActiveCfg = Release|Any CPU
		{C011E4CB-227F-4369-A6A4-E2880B73F0FA}.Release|Any CPU.Build.0 = Release|Any CPU
		{6159D1AD-791A-4835-8D6B-4A35CB147280}.Debug|Any CPU.ActiveCfg = Debug|Any CPU
		{6159D1AD-791A-4835-8D6B-4A35CB147280}.Debug|Any CPU.Build.0 = Debug|Any CPU
		{6159D1AD-791A-4835-8D6B-4A35CB147280}.Release|Any CPU.ActiveCfg = Release|Any CPU
		{6159D1AD-791A-4835-8D6B-4A35CB147280}.Release|Any CPU.Build.0 = Release|Any CPU
		{BC010E7A-712E-40E1-95AF-E13AB95FDEF9}.Debug|Any CPU.ActiveCfg = Debug|Any CPU
		{BC010E7A-712E-40E1-95AF-E13AB95FDEF9}.Debug|Any CPU.Build.0 = Debug|Any CPU
		{BC010E7A-712E-40E1-95AF-E13AB95FDEF9}.Release|Any CPU.ActiveCfg = Release|Any CPU
		{BC010E7A-712E-40E1-95AF-E13AB95FDEF9}.Release|Any CPU.Build.0 = Release|Any CPU
		{30887B96-1ABA-44BE-8A9B-842429E01B4B}.Debug|Any CPU.ActiveCfg = Debug|Any CPU
		{30887B96-1ABA-44BE-8A9B-842429E01B4B}.Debug|Any CPU.Build.0 = Debug|Any CPU
		{30887B96-1ABA-44BE-8A9B-842429E01B4B}.Release|Any CPU.ActiveCfg = Release|Any CPU
		{30887B96-1ABA-44BE-8A9B-842429E01B4B}.Release|Any CPU.Build.0 = Release|Any CPU
		{453034CF-0EEF-4244-9558-49686D0F605E}.Debug|Any CPU.ActiveCfg = Debug|Any CPU
		{453034CF-0EEF-4244-9558-49686D0F605E}.Debug|Any CPU.Build.0 = Debug|Any CPU
		{453034CF-0EEF-4244-9558-49686D0F605E}.Release|Any CPU.ActiveCfg = Release|Any CPU
		{453034CF-0EEF-4244-9558-49686D0F605E}.Release|Any CPU.Build.0 = Release|Any CPU
	EndGlobalSection
	GlobalSection(SolutionProperties) = preSolution
		HideSolutionNode = FALSE
	EndGlobalSection
	GlobalSection(NestedProjects) = preSolution
		{6159D1AD-791A-4835-8D6B-4A35CB147280} = {AF5ACD25-1ACA-417C-B08C-6240D79595F2}
		{BC010E7A-712E-40E1-95AF-E13AB95FDEF9} = {AF5ACD25-1ACA-417C-B08C-6240D79595F2}
		{30887B96-1ABA-44BE-8A9B-842429E01B4B} = {6B7B23BA-A05D-4030-AEF7-6DF4467CAAB8}
		{453034CF-0EEF-4244-9558-49686D0F605E} = {6B7B23BA-A05D-4030-AEF7-6DF4467CAAB8}
	EndGlobalSection
	GlobalSection(ExtensibilityGlobals) = postSolution
		SolutionGuid = {A43A5F42-B927-48DA-9BC9-D6123CFE9BDC}
	EndGlobalSection
EndGlobal
