
Microsoft Visual Studio Solution File, Format Version 12.00
# Visual Studio Version 16
VisualStudioVersion = 16.0.29926.136
MinimumVisualStudioVersion = 10.0.40219.1
Project("{9A19103F-16F7-4668-BE54-9A1E7A4F7556}") = "RockLib.Secrets.Aws", "RockLib.Secrets.Aws.csproj", "{C011E4CB-227F-4369-A6A4-E2880B73F0FA}"
EndProject
Project("{9A19103F-16F7-4668-BE54-9A1E7A4F7556}") = "RockLib.Secrets.Aws.Tests", "..\Tests\RockLib.Secrets.Aws.Tests\RockLib.Secrets.Aws.Tests.csproj", "{33DF10A6-5E77-4A4F-BD85-CD61F8229376}"
EndProject
Global
	GlobalSection(SolutionConfigurationPlatforms) = preSolution
		Debug|Any CPU = Debug|Any CPU
		Release|Any CPU = Release|Any CPU
	EndGlobalSection
	GlobalSection(ProjectConfigurationPlatforms) = postSolution
		{C011E4CB-227F-4369-A6A4-E2880B73F0FA}.Debug|Any CPU.ActiveCfg = Debug|Any CPU
		{C011E4CB-227F-4369-A6A4-E2880B73F0FA}.Debug|Any CPU.Build.0 = Debug|Any CPU
		{C011E4CB-227F-4369-A6A4-E2880B73F0FA}.Release|Any CPU.ActiveCfg = Release|Any CPU
		{C011E4CB-227F-4369-A6A4-E2880B73F0FA}.Release|Any CPU.Build.0 = Release|Any CPU
		{33DF10A6-5E77-4A4F-BD85-CD61F8229376}.Debug|Any CPU.ActiveCfg = Debug|Any CPU
		{33DF10A6-5E77-4A4F-BD85-CD61F8229376}.Debug|Any CPU.Build.0 = Debug|Any CPU
		{33DF10A6-5E77-4A4F-BD85-CD61F8229376}.Release|Any CPU.ActiveCfg = Release|Any CPU
		{33DF10A6-5E77-4A4F-BD85-CD61F8229376}.Release|Any CPU.Build.0 = Release|Any CPU
	EndGlobalSection
	GlobalSection(SolutionProperties) = preSolution
		HideSolutionNode = FALSE
	EndGlobalSection
	GlobalSection(ExtensibilityGlobals) = postSolution
		SolutionGuid = {A43A5F42-B927-48DA-9BC9-D6123CFE9BDC}
	EndGlobalSection
EndGlobal
