
Microsoft Visual Studio Solution File, Format Version 12.00
# Visual Studio Version 16
VisualStudioVersion = 16.0.29926.136
MinimumVisualStudioVersion = 10.0.40219.1
Project("{9A19103F-16F7-4668-BE54-9A1E7A4F7556}") = "RockLib.Secrets", "RockLib.Secrets.csproj", "{6E303E27-044B-420D-AD41-D07959C9E32F}"
EndProject
Project("{9A19103F-16F7-4668-BE54-9A1E7A4F7556}") = "RockLib.Secrets.Tests", "..\Tests\RockLib.Secrets.Tests\RockLib.Secrets.Tests.csproj", "{AD3162D0-B27E-466C-B0A4-995FAC4B68EC}"
EndProject
Global
	GlobalSection(SolutionConfigurationPlatforms) = preSolution
		Debug|Any CPU = Debug|Any CPU
		Release|Any CPU = Release|Any CPU
	EndGlobalSection
	GlobalSection(ProjectConfigurationPlatforms) = postSolution
		{6E303E27-044B-420D-AD41-D07959C9E32F}.Debug|Any CPU.ActiveCfg = Debug|Any CPU
		{6E303E27-044B-420D-AD41-D07959C9E32F}.Debug|Any CPU.Build.0 = Debug|Any CPU
		{6E303E27-044B-420D-AD41-D07959C9E32F}.Release|Any CPU.ActiveCfg = Release|Any CPU
		{6E303E27-044B-420D-AD41-D07959C9E32F}.Release|Any CPU.Build.0 = Release|Any CPU
		{AD3162D0-B27E-466C-B0A4-995FAC4B68EC}.Debug|Any CPU.ActiveCfg = Debug|Any CPU
		{AD3162D0-B27E-466C-B0A4-995FAC4B68EC}.Debug|Any CPU.Build.0 = Debug|Any CPU
		{AD3162D0-B27E-466C-B0A4-995FAC4B68EC}.Release|Any CPU.ActiveCfg = Release|Any CPU
		{AD3162D0-B27E-466C-B0A4-995FAC4B68EC}.Release|Any CPU.Build.0 = Release|Any CPU
	EndGlobalSection
	GlobalSection(SolutionProperties) = preSolution
		HideSolutionNode = FALSE
	EndGlobalSection
	GlobalSection(ExtensibilityGlobals) = postSolution
		SolutionGuid = {A43A5F42-B927-48DA-9BC9-D6123CFE9BDC}
	EndGlobalSection
EndGlobal
